{
  "name": "image-proxy",
  "version": "1.0.0",
  "lockfileVersion": 1,
  "requires": true,
  "dependencies": {
    "@types/imagemagick": {
      "version": "0.0.30",
      "resolved": "https://registry.npmjs.org/@types/imagemagick/-/imagemagick-0.0.30.tgz",
      "integrity": "sha512-vDuaR8Ig0sMetWKtBY8cWZ14SfHmLNMXdYXb2/GuqLXyTxkxRDnG6o++9C4qjeWr38Arb2NaPh9d8xlPx/4mCQ==",
      "dev": true,
      "requires": {
        "@types/node": "*"
      }
    },
    "@types/node": {
      "version": "12.12.14",
      "resolved": "https://registry.npmjs.org/@types/node/-/node-12.12.14.tgz",
      "integrity": "sha512-u/SJDyXwuihpwjXy7hOOghagLEV1KdAST6syfnOk6QZAMzZuWZqXy5aYYZbh8Jdpd4escVFP0MvftHNDb9pruA==",
      "dev": true
    },
    "imagemagick": {
      "version": "0.1.3",
      "resolved": "https://registry.npmjs.org/imagemagick/-/imagemagick-0.1.3.tgz",
      "integrity": "sha1-dIPOoJO02fLi85aFetyIIbU3xWo="
    }
  }
}
