{
  "requires": true,
  "lockfileVersion": 1,
  "dependencies": {
    "aws4": {
      "version": "1.11.0",
      "resolved": "https://registry.npmjs.org/aws4/-/aws4-1.11.0.tgz",
      "integrity": "sha512-xh1Rl34h6Fi1DC2WWKfxUTVqRsNnr6LsKz2+hfwDxQJWmrx8+c7ylaqBMcHfl1U1r2dsifOvKX3LQuLNZ+XSvA=="
    },
    "edge-lambda-url-authorizer": {
      "version": "0.0.1",
      "resolved": "https://registry.npmjs.org/edge-lambda-url-authorizer/-/edge-lambda-url-authorizer-0.0.1.tgz",
      "integrity": "sha512-jNztIq2jvSByj5QIW4xeL5cJfS8YTrzrsIQk+fGIqal8Eh04khmyw83GRU9EBgLWLaaACYFCN6w2DYF4eOCAUg==",
      "requires": {
        "aws4": "^1.11.0"
      }
    }
  }
}
