{
  "name": "edge-signer",
  "lockfileVersion": 2,
  "requires": true,
  "packages": {
    "": {
      "dependencies": {
        "edge-lambda-url-authorizer": "latest"
      }
    },
    "node_modules/aws4": {
      "version": "1.11.0",
      "resolved": "https://registry.npmjs.org/aws4/-/aws4-1.11.0.tgz",
      "integrity": "sha512-xh1Rl34h6Fi1DC2WWKfxUTVqRsNnr6LsKz2+hfwDxQJWmrx8+c7ylaqBMcHfl1U1r2dsifOvKX3LQuLNZ+XSvA=="
    },
    "node_modules/edge-lambda-url-authorizer": {
      "version": "0.1.0",
      "resolved": "https://registry.npmjs.org/edge-lambda-url-authorizer/-/edge-lambda-url-authorizer-0.1.0.tgz",
      "integrity": "sha512-Nc8Xba8CqUwZfhw78ZGBTXkAR0unvO8W9EasJj7KZW664rVfRnf+TKeT3kKgjgODXur4Rrx6mQ6GFFAL4iwKOg==",
      "dependencies": {
        "aws4": "^1.11.0"
      },
      "engines": {
        "node": ">=16"
      }
    }
  },
  "dependencies": {
    "aws4": {
      "version": "1.11.0",
      "resolved": "https://registry.npmjs.org/aws4/-/aws4-1.11.0.tgz",
      "integrity": "sha512-xh1Rl34h6Fi1DC2WWKfxUTVqRsNnr6LsKz2+hfwDxQJWmrx8+c7ylaqBMcHfl1U1r2dsifOvKX3LQuLNZ+XSvA=="
    },
    "edge-lambda-url-authorizer": {
      "version": "0.1.0",
      "resolved": "https://registry.npmjs.org/edge-lambda-url-authorizer/-/edge-lambda-url-authorizer-0.1.0.tgz",
      "integrity": "sha512-Nc8Xba8CqUwZfhw78ZGBTXkAR0unvO8W9EasJj7KZW664rVfRnf+TKeT3kKgjgODXur4Rrx6mQ6GFFAL4iwKOg==",
      "requires": {
        "aws4": "^1.11.0"
      }
    }
  }
}
