{
  "name": "edge-signer",
  "lockfileVersion": 2,
  "requires": true,
  "packages": {
    "": {
      "dependencies": {
        "edge-lambda-url-authorizer": "0.0.2"
      }
    },
    "node_modules/aws4": {
      "version": "1.11.0",
      "resolved": "https://registry.npmjs.org/aws4/-/aws4-1.11.0.tgz",
      "integrity": "sha512-xh1Rl34h6Fi1DC2WWKfxUTVqRsNnr6LsKz2+hfwDxQJWmrx8+c7ylaqBMcHfl1U1r2dsifOvKX3LQuLNZ+XSvA=="
    },
    "node_modules/edge-lambda-url-authorizer": {
      "version": "0.0.2",
      "resolved": "https://registry.npmjs.org/edge-lambda-url-authorizer/-/edge-lambda-url-authorizer-0.0.2.tgz",
      "integrity": "sha512-ZTy6EKJK2tqCC8lwU89NfNmPT59Q1AxUbLGwNsd4Rch1LWZ4ecvVuGjEzrWHLipYamK3PTaRNtU7+2qBsTQPAg==",
      "dependencies": {
        "aws4": "^1.11.0"
      },
      "engines": {
        "node": ">=16"
      }
    }
  },
  "dependencies": {
    "aws4": {
      "version": "1.11.0",
      "resolved": "https://registry.npmjs.org/aws4/-/aws4-1.11.0.tgz",
      "integrity": "sha512-xh1Rl34h6Fi1DC2WWKfxUTVqRsNnr6LsKz2+hfwDxQJWmrx8+c7ylaqBMcHfl1U1r2dsifOvKX3LQuLNZ+XSvA=="
    },
    "edge-lambda-url-authorizer": {
      "version": "0.0.2",
      "resolved": "https://registry.npmjs.org/edge-lambda-url-authorizer/-/edge-lambda-url-authorizer-0.0.2.tgz",
      "integrity": "sha512-ZTy6EKJK2tqCC8lwU89NfNmPT59Q1AxUbLGwNsd4Rch1LWZ4ecvVuGjEzrWHLipYamK3PTaRNtU7+2qBsTQPAg==",
      "requires": {
        "aws4": "^1.11.0"
      }
    }
  }
}
